
Microsoft Visual Studio Solution File, Format Version 12.00
# Visual Studio 14
VisualStudioVersion = 14.0.22823.1
MinimumVisualStudioVersion = 10.0.40219.1
Project("{FAE04EC0-301F-11D3-BF4B-00C04F79EFBC}") = "ShowRenamer", "ShowRenamer\ShowRenamer.csproj", "{EF54142B-786D-4475-9A43-08F89783E531}"
EndProject
Project("{FAE04EC0-301F-11D3-BF4B-00C04F79EFBC}") = "ShowRenamer.Extensibility", "ShowRenamer.Extensibility\ShowRenamer.Extensibility.csproj", "{8E075C0B-6861-4FDF-8147-E453D64CD990}"
EndProject
Global
	GlobalSection(SolutionConfigurationPlatforms) = preSolution
		Debug|Any CPU = Debug|Any CPU
		Release|Any CPU = Release|Any CPU
	EndGlobalSection
	GlobalSection(ProjectConfigurationPlatforms) = postSolution
		{EF54142B-786D-4475-9A43-08F89783E531}.Debug|Any CPU.ActiveCfg = Debug|Any CPU
		{EF54142B-786D-4475-9A43-08F89783E531}.Debug|Any CPU.Build.0 = Debug|Any CPU
		{EF54142B-786D-4475-9A43-08F89783E531}.Release|Any CPU.ActiveCfg = Release|Any CPU
		{EF54142B-786D-4475-9A43-08F89783E531}.Release|Any CPU.Build.0 = Release|Any CPU
		{8E075C0B-6861-4FDF-8147-E453D64CD990}.Debug|Any CPU.ActiveCfg = Debug|Any CPU
		{8E075C0B-6861-4FDF-8147-E453D64CD990}.Debug|Any CPU.Build.0 = Debug|Any CPU
		{8E075C0B-6861-4FDF-8147-E453D64CD990}.Release|Any CPU.ActiveCfg = Release|Any CPU
		{8E075C0B-6861-4FDF-8147-E453D64CD990}.Release|Any CPU.Build.0 = Release|Any CPU
	EndGlobalSection
	GlobalSection(SolutionProperties) = preSolution
		HideSolutionNode = FALSE
	EndGlobalSection
EndGlobal
